
Microsoft Visual Studio Solution File, Format Version 12.00
# Visual Studio Version 16
VisualStudioVersion = 16.0.33920.266
MinimumVisualStudioVersion = 10.0.40219.1
Project("{FAE04EC0-301F-11D3-BF4B-00C04F79EFBC}") = "Inciso4", "Inciso4\Inciso4.csproj", "{77F38102-FA40-4482-97B3-644A477388C2}"
EndProject
Global
	GlobalSection(SolutionConfigurationPlatforms) = preSolution
		Debug|Any CPU = Debug|Any CPU
		Release|Any CPU = Release|Any CPU
	EndGlobalSection
	GlobalSection(ProjectConfigurationPlatforms) = postSolution
		{77F38102-FA40-4482-97B3-644A477388C2}.Debug|Any CPU.ActiveCfg = Debug|Any CPU
		{77F38102-FA40-4482-97B3-644A477388C2}.Debug|Any CPU.Build.0 = Debug|Any CPU
		{77F38102-FA40-4482-97B3-644A477388C2}.Release|Any CPU.ActiveCfg = Release|Any CPU
		{77F38102-FA40-4482-97B3-644A477388C2}.Release|Any CPU.Build.0 = Release|Any CPU
	EndGlobalSection
	GlobalSection(SolutionProperties) = preSolution
		HideSolutionNode = FALSE
	EndGlobalSection
	GlobalSection(ExtensibilityGlobals) = postSolution
		SolutionGuid = {769ED064-66F0-4D52-B7B0-B1B23CA71681}
	EndGlobalSection
EndGlobal
